
Microsoft Visual Studio Solution File, Format Version 12.00
# Visual Studio Version 17
VisualStudioVersion = 17.4.33403.182
MinimumVisualStudioVersion = 10.0.40219.1
Project("{8BC9CEB8-8B4A-11D0-8D11-00A0C91BC942}") = "2023_03_15_002_HolaMundo_Variables__885_Milko_Mtz", "2023_03_15_002_HolaMundo_Variables__885_Milko_Mtz\2023_03_15_002_HolaMundo_Variables__885_Milko_Mtz.vcxproj", "{FE00112D-CBB0-4E64-9EF3-897A8C86B21D}"
EndProject
Global
	GlobalSection(SolutionConfigurationPlatforms) = preSolution
		Debug|x64 = Debug|x64
		Debug|x86 = Debug|x86
		Release|x64 = Release|x64
		Release|x86 = Release|x86
	EndGlobalSection
	GlobalSection(ProjectConfigurationPlatforms) = postSolution
		{FE00112D-CBB0-4E64-9EF3-897A8C86B21D}.Debug|x64.ActiveCfg = Debug|x64
		{FE00112D-CBB0-4E64-9EF3-897A8C86B21D}.Debug|x64.Build.0 = Debug|x64
		{FE00112D-CBB0-4E64-9EF3-897A8C86B21D}.Debug|x86.ActiveCfg = Debug|Win32
		{FE00112D-CBB0-4E64-9EF3-897A8C86B21D}.Debug|x86.Build.0 = Debug|Win32
		{FE00112D-CBB0-4E64-9EF3-897A8C86B21D}.Release|x64.ActiveCfg = Release|x64
		{FE00112D-CBB0-4E64-9EF3-897A8C86B21D}.Release|x64.Build.0 = Release|x64
		{FE00112D-CBB0-4E64-9EF3-897A8C86B21D}.Release|x86.ActiveCfg = Release|Win32
		{FE00112D-CBB0-4E64-9EF3-897A8C86B21D}.Release|x86.Build.0 = Release|Win32
	EndGlobalSection
	GlobalSection(SolutionProperties) = preSolution
		HideSolutionNode = FALSE
	EndGlobalSection
	GlobalSection(ExtensibilityGlobals) = postSolution
		SolutionGuid = {A4E6823B-2986-4DD1-8CB3-AC9DB597952F}
	EndGlobalSection
EndGlobal
